
Microsoft Visual Studio Solution File, Format Version 12.00
# Visual Studio Version 17
VisualStudioVersion = 17.7.34202.233
MinimumVisualStudioVersion = 10.0.40219.1
Project("{FAE04EC0-301F-11D3-BF4B-00C04F79EFBC}") = "HDT_BGrank", "HDT_BGrank\HDT_BGrank.csproj", "{88D8EBB0-95E5-4779-9CD5-401BBE5538E8}"
EndProject
Global
	GlobalSection(SolutionConfigurationPlatforms) = preSolution
		Debug|Any CPU = Debug|Any CPU
		Release|Any CPU = Release|Any CPU
	EndGlobalSection
	GlobalSection(ProjectConfigurationPlatforms) = postSolution
		{88D8EBB0-95E5-4779-9CD5-401BBE5538E8}.Debug|Any CPU.ActiveCfg = Debug|Any CPU
		{88D8EBB0-95E5-4779-9CD5-401BBE5538E8}.Debug|Any CPU.Build.0 = Debug|Any CPU
		{88D8EBB0-95E5-4779-9CD5-401BBE5538E8}.Release|Any CPU.ActiveCfg = Release|Any CPU
		{88D8EBB0-95E5-4779-9CD5-401BBE5538E8}.Release|Any CPU.Build.0 = Release|Any CPU
	EndGlobalSection
	GlobalSection(SolutionProperties) = preSolution
		HideSolutionNode = FALSE
	EndGlobalSection
	GlobalSection(ExtensibilityGlobals) = postSolution
		SolutionGuid = {D6C1A2A5-50D3-46B8-A2C1-F7720D0B143C}
	EndGlobalSection
EndGlobal
